{
  "requires": true,
  "lockfileVersion": 1,
  "dependencies": {
    "true-myth": {
      "version": "4.1.1",
      "resolved": "https://registry.npmjs.org/true-myth/-/true-myth-4.1.1.tgz",
      "integrity": "sha512-rqy30BSpxPznbbTcAcci90oZ1YR4DqvKcNXNerG5gQBU2v4jk0cygheiul5J6ExIMrgDVuanv/MkGfqZbKrNNg=="
    }
  }
}
